
Microsoft Visual Studio Solution File, Format Version 12.00
# Visual Studio Version 16
VisualStudioVersion = 16.0.31624.102
MinimumVisualStudioVersion = 10.0.40219.1
Project("{FAE04EC0-301F-11D3-BF4B-00C04F79EFBC}") = "WindowsFormsApp1", "WindowsFormsApp1\WindowsFormsApp1.csproj", "{BFB159F6-FF9B-4212-822D-8ABED4E74674}"
EndProject
Global
	GlobalSection(SolutionConfigurationPlatforms) = preSolution
		Debug|Any CPU = Debug|Any CPU
		Release|Any CPU = Release|Any CPU
	EndGlobalSection
	GlobalSection(ProjectConfigurationPlatforms) = postSolution
		{BFB159F6-FF9B-4212-822D-8ABED4E74674}.Debug|Any CPU.ActiveCfg = Debug|Any CPU
		{BFB159F6-FF9B-4212-822D-8ABED4E74674}.Debug|Any CPU.Build.0 = Debug|Any CPU
		{BFB159F6-FF9B-4212-822D-8ABED4E74674}.Release|Any CPU.ActiveCfg = Release|Any CPU
		{BFB159F6-FF9B-4212-822D-8ABED4E74674}.Release|Any CPU.Build.0 = Release|Any CPU
	EndGlobalSection
	GlobalSection(SolutionProperties) = preSolution
		HideSolutionNode = FALSE
	EndGlobalSection
	GlobalSection(ExtensibilityGlobals) = postSolution
		SolutionGuid = {980F1DBB-40AD-4C74-950C-36090E55B4FC}
	EndGlobalSection
EndGlobal
