
Microsoft Visual Studio Solution File, Format Version 12.00
# Visual Studio Version 16
VisualStudioVersion = 16.0.31624.102
MinimumVisualStudioVersion = 10.0.40219.1
Project("{FAE04EC0-301F-11D3-BF4B-00C04F79EFBC}") = "Demo 1-9-2021", "Demo 1-9-2021\Demo 1-9-2021.csproj", "{23560E14-D672-4844-A666-C9C32758DF0B}"
EndProject
Global
	GlobalSection(SolutionConfigurationPlatforms) = preSolution
		Debug|Any CPU = Debug|Any CPU
		Release|Any CPU = Release|Any CPU
	EndGlobalSection
	GlobalSection(ProjectConfigurationPlatforms) = postSolution
		{23560E14-D672-4844-A666-C9C32758DF0B}.Debug|Any CPU.ActiveCfg = Debug|Any CPU
		{23560E14-D672-4844-A666-C9C32758DF0B}.Debug|Any CPU.Build.0 = Debug|Any CPU
		{23560E14-D672-4844-A666-C9C32758DF0B}.Release|Any CPU.ActiveCfg = Release|Any CPU
		{23560E14-D672-4844-A666-C9C32758DF0B}.Release|Any CPU.Build.0 = Release|Any CPU
	EndGlobalSection
	GlobalSection(SolutionProperties) = preSolution
		HideSolutionNode = FALSE
	EndGlobalSection
	GlobalSection(ExtensibilityGlobals) = postSolution
		SolutionGuid = {D9E7D4FB-8092-4E95-999A-E419F021D148}
	EndGlobalSection
EndGlobal
