
Microsoft Visual Studio Solution File, Format Version 12.00
# Visual Studio Version 16
VisualStudioVersion = 16.0.31624.102
MinimumVisualStudioVersion = 10.0.40219.1
Project("{FAE04EC0-301F-11D3-BF4B-00C04F79EFBC}") = "WindowsFormsApp1", "WindowsFormsApp1\WindowsFormsApp1.csproj", "{03AC94C7-DA05-481B-870F-98B28F81CCC1}"
EndProject
Global
	GlobalSection(SolutionConfigurationPlatforms) = preSolution
		Debug|Any CPU = Debug|Any CPU
		Release|Any CPU = Release|Any CPU
	EndGlobalSection
	GlobalSection(ProjectConfigurationPlatforms) = postSolution
		{03AC94C7-DA05-481B-870F-98B28F81CCC1}.Debug|Any CPU.ActiveCfg = Debug|Any CPU
		{03AC94C7-DA05-481B-870F-98B28F81CCC1}.Debug|Any CPU.Build.0 = Debug|Any CPU
		{03AC94C7-DA05-481B-870F-98B28F81CCC1}.Release|Any CPU.ActiveCfg = Release|Any CPU
		{03AC94C7-DA05-481B-870F-98B28F81CCC1}.Release|Any CPU.Build.0 = Release|Any CPU
	EndGlobalSection
	GlobalSection(SolutionProperties) = preSolution
		HideSolutionNode = FALSE
	EndGlobalSection
	GlobalSection(ExtensibilityGlobals) = postSolution
		SolutionGuid = {21256EC9-B3B5-4B3B-A033-C475F852A9EE}
	EndGlobalSection
EndGlobal
