
Microsoft Visual Studio Solution File, Format Version 12.00
# Visual Studio Version 16
VisualStudioVersion = 16.0.31624.102
MinimumVisualStudioVersion = 10.0.40219.1
Project("{FAE04EC0-301F-11D3-BF4B-00C04F79EFBC}") = "lab3", "lab3\lab3.csproj", "{B3964456-BE9C-410F-8C2C-3D001430AD62}"
EndProject
Global
	GlobalSection(SolutionConfigurationPlatforms) = preSolution
		Debug|Any CPU = Debug|Any CPU
		Release|Any CPU = Release|Any CPU
	EndGlobalSection
	GlobalSection(ProjectConfigurationPlatforms) = postSolution
		{B3964456-BE9C-410F-8C2C-3D001430AD62}.Debug|Any CPU.ActiveCfg = Debug|Any CPU
		{B3964456-BE9C-410F-8C2C-3D001430AD62}.Debug|Any CPU.Build.0 = Debug|Any CPU
		{B3964456-BE9C-410F-8C2C-3D001430AD62}.Release|Any CPU.ActiveCfg = Release|Any CPU
		{B3964456-BE9C-410F-8C2C-3D001430AD62}.Release|Any CPU.Build.0 = Release|Any CPU
	EndGlobalSection
	GlobalSection(SolutionProperties) = preSolution
		HideSolutionNode = FALSE
	EndGlobalSection
	GlobalSection(ExtensibilityGlobals) = postSolution
		SolutionGuid = {B54F513F-084D-49CE-9385-CD5027A387DA}
	EndGlobalSection
EndGlobal
