
Microsoft Visual Studio Solution File, Format Version 12.00
# Visual Studio Version 16
VisualStudioVersion = 16.0.31624.102
MinimumVisualStudioVersion = 10.0.40219.1
Project("{FAE04EC0-301F-11D3-BF4B-00C04F79EFBC}") = "WindowsFormsApp1", "WindowsFormsApp1\WindowsFormsApp1.csproj", "{F2E1959A-A3DE-4309-B668-09D962AE8C18}"
EndProject
Global
	GlobalSection(SolutionConfigurationPlatforms) = preSolution
		Debug|Any CPU = Debug|Any CPU
		Release|Any CPU = Release|Any CPU
	EndGlobalSection
	GlobalSection(ProjectConfigurationPlatforms) = postSolution
		{F2E1959A-A3DE-4309-B668-09D962AE8C18}.Debug|Any CPU.ActiveCfg = Debug|Any CPU
		{F2E1959A-A3DE-4309-B668-09D962AE8C18}.Debug|Any CPU.Build.0 = Debug|Any CPU
		{F2E1959A-A3DE-4309-B668-09D962AE8C18}.Release|Any CPU.ActiveCfg = Release|Any CPU
		{F2E1959A-A3DE-4309-B668-09D962AE8C18}.Release|Any CPU.Build.0 = Release|Any CPU
	EndGlobalSection
	GlobalSection(SolutionProperties) = preSolution
		HideSolutionNode = FALSE
	EndGlobalSection
	GlobalSection(ExtensibilityGlobals) = postSolution
		SolutionGuid = {B81E1E3B-9898-44CF-859B-E14BFE5B14B1}
	EndGlobalSection
EndGlobal
